
Microsoft Visual Studio Solution File, Format Version 12.00
Project("{FAE04EC0-301F-11D3-BF4B-00C04F79EFBC}") = "Labb3_API", "Labb3_API\Labb3_API.csproj", "{657B37A7-E009-48E6-B6A6-A33B4D219596}"
EndProject
Global
	GlobalSection(SolutionConfigurationPlatforms) = preSolution
		Debug|Any CPU = Debug|Any CPU
		Release|Any CPU = Release|Any CPU
	EndGlobalSection
	GlobalSection(ProjectConfigurationPlatforms) = postSolution
		{657B37A7-E009-48E6-B6A6-A33B4D219596}.Debug|Any CPU.ActiveCfg = Debug|Any CPU
		{657B37A7-E009-48E6-B6A6-A33B4D219596}.Debug|Any CPU.Build.0 = Debug|Any CPU
		{657B37A7-E009-48E6-B6A6-A33B4D219596}.Release|Any CPU.ActiveCfg = Release|Any CPU
		{657B37A7-E009-48E6-B6A6-A33B4D219596}.Release|Any CPU.Build.0 = Release|Any CPU
	EndGlobalSection
EndGlobal
